Microsoft Visual Studio Solution File, Format Version 12.00
# Visual Studio Version 17
VisualStudioVersion = 17.10.34607.79
MinimumVisualStudioVersion = 10.0.40219.1
Project("{FAE04EC0-301F-11D3-BF4B-00C04F79EFBC}") = "Cortex.Mediator", "src\Cortex.Mediator\Cortex.Mediator.csproj", "{F1CC775A-95DA-4A5A-879F-66BFCB0FDCC9}"
EndProject
Project("{FAE04EC0-301F-11D3-BF4B-00C04F79EFBC}") = "Cortex.Streams", "src\Cortex.Streams\Cortex.Streams.csproj", "{1C8605F4-91CB-49A4-A080-0A6DFE1FB010}"
EndProject
Project("{FAE04EC0-301F-11D3-BF4B-00C04F79EFBC}") = "Cortex.Streams.Kafka", "src\Cortex.Streams.Kafka\Cortex.Streams.Kafka.csproj", "{96701658-663E-41C5-9EF9-843C79CE727A}"
EndProject
Project("{FAE04EC0-301F-11D3-BF4B-00C04F79EFBC}") = "Cortex.Streams.Pulsar", "src\Cortex.Streams.Pulsar\Cortex.Streams.Pulsar.csproj", "{EE799E10-7469-428E-AF8C-F2807F6CE7E5}"
EndProject
Project("{FAE04EC0-301F-11D3-BF4B-00C04F79EFBC}") = "Cortex.States", "src\Cortex.States\Cortex.States.csproj", "{34CA231A-1E3A-4CA4-820C-946DC8E2737F}"
EndProject
Project("{FAE04EC0-301F-11D3-BF4B-00C04F79EFBC}") = "Cortex.States.RocksDb", "src\Cortex.States.RocksDb\Cortex.States.RocksDb.csproj", "{16FA00B1-973B-443C-BF84-9B76DCAF341B}"
EndProject
Project("{FAE04EC0-301F-11D3-BF4B-00C04F79EFBC}") = "Cortex.Streams.AWSSQS", "src\Cortex.Streams.AWSSQS\Cortex.Streams.AWSSQS.csproj", "{1F60F66A-5DC0-4C1D-A7B7-66F568A26911}"
EndProject
Project("{FAE04EC0-301F-11D3-BF4B-00C04F79EFBC}") = "Cortex.Streams.RabbitMQ", "src\Cortex.Streams.RabbitMQ\Cortex.Streams.RabbitMQ.csproj", "{2B949637-FC31-4F51-A391-19F76B57CC28}"
EndProject
Project("{FAE04EC0-301F-11D3-BF4B-00C04F79EFBC}") = "Cortex.Streams.AzureServiceBus", "src\Cortex.Streams.AzureServiceBus\Cortex.Streams.AzureServiceBus.csproj", "{6E5AC0AC-A364-4DB3-9E9A-C2FB54BD6D1E}"
EndProject
Project("{FAE04EC0-301F-11D3-BF4B-00C04F79EFBC}") = "Cortex.Streams.S3", "src\Cortex.Streams.S3\Cortex.Streams.S3.csproj", "{6019F9E6-C377-416D-9E3B-3D7104FAEB63}"
EndProject
Project("{FAE04EC0-301F-11D3-BF4B-00C04F79EFBC}") = "Cortex.Streams.AzureBlobStorage", "src\Cortex.Streams.AzureBlobStorage\Cortex.Streams.AzureBlobStorage.csproj", "{20FAE1F1-D677-4E0E-B3A7-E2B1485C874C}"
EndProject
Project("{FAE04EC0-301F-11D3-BF4B-00C04F79EFBC}") = "Cortex.Telemetry", "src\Cortex.Telemetry\Cortex.Telemetry.csproj", "{CFEB3F3A-8B3E-4286-8596-EF888552C07F}"
EndProject
Project("{FAE04EC0-301F-11D3-BF4B-00C04F79EFBC}") = "Cortex.Telemetry.OpenTelemetry", "src\Cortex.Telemetry.OpenTelemetry\Cortex.Telemetry.OpenTelemetry.csproj", "{D51C6B82-ABD9-4C43-820E-237EDBD706A1}"
EndProject
Project("{FAE04EC0-301F-11D3-BF4B-00C04F79EFBC}") = "Cortex.Tests", "src\Cortex.Tests\Cortex.Tests.csproj", "{C9A7699A-9BCF-4B51-B29F-ABF78DCEA553}"
EndProject
Project("{FAE04EC0-301F-11D3-BF4B-00C04F79EFBC}") = "Cortex.Streams.Files", "src\Cortex.Streams.Files\Cortex.Streams.Files.csproj", "{D376D6CA-3192-4EDC-B840-31F58B6457DD}"
EndProject
Project("{FAE04EC0-301F-11D3-BF4B-00C04F79EFBC}") = "Cortex.States.Cassandra", "src\Cortex.States.Cassandra\Cortex.States.Cassandra.csproj", "{447970B9-C5AA-41D9-A07F-330A251597D0}"
EndProject
Project("{FAE04EC0-301F-11D3-BF4B-00C04F79EFBC}") = "Cortex.States.MongoDb", "src\Cortex.States.MongoDb\Cortex.States.MongoDb.csproj", "{00358701-D117-4953-A673-D60625D38466}"
EndProject
Project("{FAE04EC0-301F-11D3-BF4B-00C04F79EFBC}") = "Cortex.States.MSSqlServer", "src\Cortex.States.MSSqlServer\Cortex.States.MSSqlServer.csproj", "{77AD462F-A248-43AF-9212-43031F22F23D}"
EndProject
Project("{FAE04EC0-301F-11D3-BF4B-00C04F79EFBC}") = "Cortex.States.PostgreSQL", "src\Cortex.States.PostgreSQL\Cortex.States.PostgreSQL.csproj", "{980EDBFE-40C2-4EFD-96C2-FED1032FB5E6}"
EndProject
Project("{FAE04EC0-301F-11D3-BF4B-00C04F79EFBC}") = "Cortex.States.ClickHouse", "src\Cortex.States.ClickHouse\Cortex.States.ClickHouse.csproj", "{0F9FCB99-D00F-4396-8E2B-6E627076ADA0}"
EndProject
Project("{FAE04EC0-301F-11D3-BF4B-00C04F79EFBC}") = "Cortex.Streams.Http", "src\Cortex.Streams.Http\Cortex.Streams.Http.csproj", "{20BD7107-8199-4CA8-815B-4D156B522B82}"
EndProject
Project("{FAE04EC0-301F-11D3-BF4B-00C04F79EFBC}") = "Cortex.States.SQLite", "src\Cortex.States.SQLite\Cortex.States.SQLite.csproj", "{19167D25-6383-46B4-9449-B9E364F809FF}"
EndProject
Project("{FAE04EC0-301F-11D3-BF4B-00C04F79EFBC}") = "Cortex.Streams.MSSqlServer", "src\Cortex.Streams.MSSqlServer\Cortex.Streams.MSSqlServer.csproj", "{81A01446-A8AA-4F9D-BB9B-B66E21B2C348}"
EndProject
Project("{FAE04EC0-301F-11D3-BF4B-00C04F79EFBC}") = "Cortex.Streams.PostgreSQL", "src\Cortex.Streams.PostgreSQL\Cortex.Streams.PostgreSQL.csproj", "{0E60F75D-C44B-428A-9252-A11C365E2C56}"
EndProject
Project("{FAE04EC0-301F-11D3-BF4B-00C04F79EFBC}") = "Cortex.Streams.MongoDb", "src\Cortex.Streams.MongoDb\Cortex.Streams.MongoDb.csproj", "{FC86D3AB-778D-45D7-AF36-1F89FC16DE55}"
EndProject
Project("{FAE04EC0-301F-11D3-BF4B-00C04F79EFBC}") = "Cortex.Streams.Elasticsearch", "src\Cortex.Streams.Elasticsearch\Cortex.Streams.Elasticsearch.csproj", "{4D1F117D-48D7-47AD-9DAC-3B2DB45E628A}"
EndProject
Project("{FAE04EC0-301F-11D3-BF4B-00C04F79EFBC}") = "Cortex.Types", "src\Cortex.Types\Cortex.Types.csproj", "{64E12D4C-FBB2-4004-8316-C886CBFC614B}"
EndProject
Project("{FAE04EC0-301F-11D3-BF4B-00C04F79EFBC}") = "Cortex.Vectors", "src\Cortex.Vectors\Cortex.Vectors.csproj", "{268BA5C7-C6FB-4A6B-875A-492659ED4573}"
EndProject
Project("{FAE04EC0-301F-11D3-BF4B-00C04F79EFBC}") = "Cortex.Mediator.Behaviors.FluentValidation", "src\Cortex.Mediator.Behaviors.FluentValidation\Cortex.Mediator.Behaviors.FluentValidation.csproj", "{44A166BD-01E9-4A4B-9BC5-7DE01B472E73}"
EndProject
Global
	GlobalSection(SolutionConfigurationPlatforms) = preSolution
		Debug|Any CPU = Debug|Any CPU
		Release|Any CPU = Release|Any CPU
	EndGlobalSection
	GlobalSection(ProjectConfigurationPlatforms) = postSolution
		{F1CC775A-95DA-4A5A-879F-66BFCB0FDCC9}.Debug|Any CPU.ActiveCfg = Debug|Any CPU
		{F1CC775A-95DA-4A5A-879F-66BFCB0FDCC9}.Debug|Any CPU.Build.0 = Debug|Any CPU
		{F1CC775A-95DA-4A5A-879F-66BFCB0FDCC9}.Release|Any CPU.ActiveCfg = Release|Any CPU
		{F1CC775A-95DA-4A5A-879F-66BFCB0FDCC9}.Release|Any CPU.Build.0 = Release|Any CPU
		{1C8605F4-91CB-49A4-A080-0A6DFE1FB010}.Debug|Any CPU.ActiveCfg = Debug|Any CPU
		{1C8605F4-91CB-49A4-A080-0A6DFE1FB010}.Debug|Any CPU.Build.0 = Debug|Any CPU
		{1C8605F4-91CB-49A4-A080-0A6DFE1FB010}.Release|Any CPU.ActiveCfg = Release|Any CPU
		{1C8605F4-91CB-49A4-A080-0A6DFE1FB010}.Release|Any CPU.Build.0 = Release|Any CPU
		{96701658-663E-41C5-9EF9-843C79CE727A}.Debug|Any CPU.ActiveCfg = Debug|Any CPU
		{96701658-663E-41C5-9EF9-843C79CE727A}.Debug|Any CPU.Build.0 = Debug|Any CPU
		{96701658-663E-41C5-9EF9-843C79CE727A}.Release|Any CPU.ActiveCfg = Release|Any CPU
		{96701658-663E-41C5-9EF9-843C79CE727A}.Release|Any CPU.Build.0 = Release|Any CPU
		{EE799E10-7469-428E-AF8C-F2807F6CE7E5}.Debug|Any CPU.ActiveCfg = Debug|Any CPU
		{EE799E10-7469-428E-AF8C-F2807F6CE7E5}.Debug|Any CPU.Build.0 = Debug|Any CPU
		{EE799E10-7469-428E-AF8C-F2807F6CE7E5}.Release|Any CPU.ActiveCfg = Release|Any CPU
		{EE799E10-7469-428E-AF8C-F2807F6CE7E5}.Release|Any CPU.Build.0 = Release|Any CPU
		{34CA231A-1E3A-4CA4-820C-946DC8E2737F}.Debug|Any CPU.ActiveCfg = Debug|Any CPU
		{34CA231A-1E3A-4CA4-820C-946DC8E2737F}.Debug|Any CPU.Build.0 = Debug|Any CPU
		{34CA231A-1E3A-4CA4-820C-946DC8E2737F}.Release|Any CPU.ActiveCfg = Release|Any CPU
		{34CA231A-1E3A-4CA4-820C-946DC8E2737F}.Release|Any CPU.Build.0 = Release|Any CPU
		{16FA00B1-973B-443C-BF84-9B76DCAF341B}.Debug|Any CPU.ActiveCfg = Debug|Any CPU
		{16FA00B1-973B-443C-BF84-9B76DCAF341B}.Debug|Any CPU.Build.0 = Debug|Any CPU
		{16FA00B1-973B-443C-BF84-9B76DCAF341B}.Release|Any CPU.ActiveCfg = Release|Any CPU
		{16FA00B1-973B-443C-BF84-9B76DCAF341B}.Release|Any CPU.Build.0 = Release|Any CPU
		{1F60F66A-5DC0-4C1D-A7B7-66F568A26911}.Debug|Any CPU.ActiveCfg = Debug|Any CPU
		{1F60F66A-5DC0-4C1D-A7B7-66F568A26911}.Debug|Any CPU.Build.0 = Debug|Any CPU
		{1F60F66A-5DC0-4C1D-A7B7-66F568A26911}.Release|Any CPU.ActiveCfg = Release|Any CPU
		{1F60F66A-5DC0-4C1D-A7B7-66F568A26911}.Release|Any CPU.Build.0 = Release|Any CPU
		{2B949637-FC31-4F51-A391-19F76B57CC28}.Debug|Any CPU.ActiveCfg = Debug|Any CPU
		{2B949637-FC31-4F51-A391-19F76B57CC28}.Debug|Any CPU.Build.0 = Debug|Any CPU
		{2B949637-FC31-4F51-A391-19F76B57CC28}.Release|Any CPU.ActiveCfg = Release|Any CPU
		{2B949637-FC31-4F51-A391-19F76B57CC28}.Release|Any CPU.Build.0 = Release|Any CPU
		{6E5AC0AC-A364-4DB3-9E9A-C2FB54BD6D1E}.Debug|Any CPU.ActiveCfg = Debug|Any CPU
		{6E5AC0AC-A364-4DB3-9E9A-C2FB54BD6D1E}.Debug|Any CPU.Build.0 = Debug|Any CPU
		{6E5AC0AC-A364-4DB3-9E9A-C2FB54BD6D1E}.Release|Any CPU.ActiveCfg = Release|Any CPU
		{6E5AC0AC-A364-4DB3-9E9A-C2FB54BD6D1E}.Release|Any CPU.Build.0 = Release|Any CPU
		{6019F9E6-C377-416D-9E3B-3D7104FAEB63}.Debug|Any CPU.ActiveCfg = Debug|Any CPU
		{6019F9E6-C377-416D-9E3B-3D7104FAEB63}.Debug|Any CPU.Build.0 = Debug|Any CPU
		{6019F9E6-C377-416D-9E3B-3D7104FAEB63}.Release|Any CPU.ActiveCfg = Release|Any CPU
		{6019F9E6-C377-416D-9E3B-3D7104FAEB63}.Release|Any CPU.Build.0 = Release|Any CPU
		{20FAE1F1-D677-4E0E-B3A7-E2B1485C874C}.Debug|Any CPU.ActiveCfg = Debug|Any CPU
		{20FAE1F1-D677-4E0E-B3A7-E2B1485C874C}.Debug|Any CPU.Build.0 = Debug|Any CPU
		{20FAE1F1-D677-4E0E-B3A7-E2B1485C874C}.Release|Any CPU.ActiveCfg = Release|Any CPU
		{20FAE1F1-D677-4E0E-B3A7-E2B1485C874C}.Release|Any CPU.Build.0 = Release|Any CPU
		{CFEB3F3A-8B3E-4286-8596-EF888552C07F}.Debug|Any CPU.ActiveCfg = Debug|AnyCPU
		{CFEB3F3A-8B3E-4286-8596-EF888552C07F}.Debug|Any CPU.Build.0 = Debug|AnyCPU
		{CFEB3F3A-8B3E-4286-8596-EF888552C07F}.Release|Any CPU.ActiveCfg = Release|AnyCPU
		{CFEB3F3A-8B3E-4286-8596-EF888552C07F}.Release|Any CPU.Build.0 = Release|AnyCPU
		{D51C6B82-ABD9-4C43-820E-237EDBD706A1}.Debug|Any CPU.ActiveCfg = Debug|AnyCPU
		{D51C6B82-ABD9-4C43-820E-237EDBD706A1}.Debug|Any CPU.Build.0 = Debug|AnyCPU
		{D51C6B82-ABD9-4C43-820E-237EDBD706A1}.Release|Any CPU.ActiveCfg = Release|AnyCPU
		{D51C6B82-ABD9-4C43-820E-237EDBD706A1}.Release|Any CPU.Build.0 = Release|AnyCPU
		{C9A7699A-9BCF-4B51-B29F-ABF78DCEA553}.Debug|Any CPU.ActiveCfg = Debug|AnyCPU
		{C9A7699A-9BCF-4B51-B29F-ABF78DCEA553}.Release|Any CPU.ActiveCfg = Release|AnyCPU
		{C9A7699A-9BCF-4B51-B29F-ABF78DCEA553}.Release|Any CPU.Build.0 = Release|AnyCPU
		{D376D6CA-3192-4EDC-B840-31F58B6457DD}.Debug|Any CPU.ActiveCfg = Debug|Any CPU
		{D376D6CA-3192-4EDC-B840-31F58B6457DD}.Debug|Any CPU.Build.0 = Debug|Any CPU
		{D376D6CA-3192-4EDC-B840-31F58B6457DD}.Release|Any CPU.ActiveCfg = Release|Any CPU
		{D376D6CA-3192-4EDC-B840-31F58B6457DD}.Release|Any CPU.Build.0 = Release|Any CPU
		{447970B9-C5AA-41D9-A07F-330A251597D0}.Debug|Any CPU.ActiveCfg = Debug|Any CPU
		{447970B9-C5AA-41D9-A07F-330A251597D0}.Debug|Any CPU.Build.0 = Debug|Any CPU
		{447970B9-C5AA-41D9-A07F-330A251597D0}.Release|Any CPU.ActiveCfg = Release|Any CPU
		{447970B9-C5AA-41D9-A07F-330A251597D0}.Release|Any CPU.Build.0 = Release|Any CPU
		{00358701-D117-4953-A673-D60625D38466}.Debug|Any CPU.ActiveCfg = Debug|Any CPU
		{00358701-D117-4953-A673-D60625D38466}.Debug|Any CPU.Build.0 = Debug|Any CPU
		{00358701-D117-4953-A673-D60625D38466}.Release|Any CPU.ActiveCfg = Release|Any CPU
		{00358701-D117-4953-A673-D60625D38466}.Release|Any CPU.Build.0 = Release|Any CPU
		{77AD462F-A248-43AF-9212-43031F22F23D}.Debug|Any CPU.ActiveCfg = Debug|Any CPU
		{77AD462F-A248-43AF-9212-43031F22F23D}.Debug|Any CPU.Build.0 = Debug|Any CPU
		{77AD462F-A248-43AF-9212-43031F22F23D}.Release|Any CPU.ActiveCfg = Release|Any CPU
		{77AD462F-A248-43AF-9212-43031F22F23D}.Release|Any CPU.Build.0 = Release|Any CPU
		{980EDBFE-40C2-4EFD-96C2-FED1032FB5E6}.Debug|Any CPU.ActiveCfg = Debug|Any CPU
		{980EDBFE-40C2-4EFD-96C2-FED1032FB5E6}.Debug|Any CPU.Build.0 = Debug|Any CPU
		{980EDBFE-40C2-4EFD-96C2-FED1032FB5E6}.Release|Any CPU.ActiveCfg = Release|Any CPU
		{980EDBFE-40C2-4EFD-96C2-FED1032FB5E6}.Release|Any CPU.Build.0 = Release|Any CPU
		{0F9FCB99-D00F-4396-8E2B-6E627076ADA0}.Debug|Any CPU.ActiveCfg = Debug|Any CPU
		{0F9FCB99-D00F-4396-8E2B-6E627076ADA0}.Debug|Any CPU.Build.0 = Debug|Any CPU
		{0F9FCB99-D00F-4396-8E2B-6E627076ADA0}.Release|Any CPU.ActiveCfg = Release|Any CPU
		{0F9FCB99-D00F-4396-8E2B-6E627076ADA0}.Release|Any CPU.Build.0 = Release|Any CPU
		{20BD7107-8199-4CA8-815B-4D156B522B82}.Debug|Any CPU.ActiveCfg = Debug|Any CPU
		{20BD7107-8199-4CA8-815B-4D156B522B82}.Debug|Any CPU.Build.0 = Debug|Any CPU
		{20BD7107-8199-4CA8-815B-4D156B522B82}.Release|Any CPU.ActiveCfg = Release|Any CPU
		{20BD7107-8199-4CA8-815B-4D156B522B82}.Release|Any CPU.Build.0 = Release|Any CPU
		{19167D25-6383-46B4-9449-B9E364F809FF}.Debug|Any CPU.ActiveCfg = Debug|Any CPU
		{19167D25-6383-46B4-9449-B9E364F809FF}.Debug|Any CPU.Build.0 = Debug|Any CPU
		{19167D25-6383-46B4-9449-B9E364F809FF}.Release|Any CPU.ActiveCfg = Release|Any CPU
		{19167D25-6383-46B4-9449-B9E364F809FF}.Release|Any CPU.Build.0 = Release|Any CPU
		{81A01446-A8AA-4F9D-BB9B-B66E21B2C348}.Debug|Any CPU.ActiveCfg = Debug|Any CPU
		{81A01446-A8AA-4F9D-BB9B-B66E21B2C348}.Debug|Any CPU.Build.0 = Debug|Any CPU
		{81A01446-A8AA-4F9D-BB9B-B66E21B2C348}.Release|Any CPU.ActiveCfg = Release|Any CPU
		{81A01446-A8AA-4F9D-BB9B-B66E21B2C348}.Release|Any CPU.Build.0 = Release|Any CPU
		{0E60F75D-C44B-428A-9252-A11C365E2C56}.Debug|Any CPU.ActiveCfg = Debug|Any CPU
		{0E60F75D-C44B-428A-9252-A11C365E2C56}.Debug|Any CPU.Build.0 = Debug|Any CPU
		{0E60F75D-C44B-428A-9252-A11C365E2C56}.Release|Any CPU.ActiveCfg = Release|Any CPU
		{0E60F75D-C44B-428A-9252-A11C365E2C56}.Release|Any CPU.Build.0 = Release|Any CPU
		{FC86D3AB-778D-45D7-AF36-1F89FC16DE55}.Debug|Any CPU.ActiveCfg = Debug|Any CPU
		{FC86D3AB-778D-45D7-AF36-1F89FC16DE55}.Debug|Any CPU.Build.0 = Debug|Any CPU
		{FC86D3AB-778D-45D7-AF36-1F89FC16DE55}.Release|Any CPU.ActiveCfg = Release|Any CPU
		{FC86D3AB-778D-45D7-AF36-1F89FC16DE55}.Release|Any CPU.Build.0 = Release|Any CPU
		{4D1F117D-48D7-47AD-9DAC-3B2DB45E628A}.Debug|Any CPU.ActiveCfg = Debug|Any CPU
		{4D1F117D-48D7-47AD-9DAC-3B2DB45E628A}.Debug|Any CPU.Build.0 = Debug|Any CPU
		{4D1F117D-48D7-47AD-9DAC-3B2DB45E628A}.Release|Any CPU.ActiveCfg = Release|Any CPU
		{4D1F117D-48D7-47AD-9DAC-3B2DB45E628A}.Release|Any CPU.Build.0 = Release|Any CPU
		{64E12D4C-FBB2-4004-8316-C886CBFC614B}.Debug|Any CPU.ActiveCfg = Debug|Any CPU
		{64E12D4C-FBB2-4004-8316-C886CBFC614B}.Debug|Any CPU.Build.0 = Debug|Any CPU
		{64E12D4C-FBB2-4004-8316-C886CBFC614B}.Release|Any CPU.ActiveCfg = Release|Any CPU
		{64E12D4C-FBB2-4004-8316-C886CBFC614B}.Release|Any CPU.Build.0 = Release|Any CPU
		{268BA5C7-C6FB-4A6B-875A-492659ED4573}.Debug|Any CPU.ActiveCfg = Debug|Any CPU
		{268BA5C7-C6FB-4A6B-875A-492659ED4573}.Debug|Any CPU.Build.0 = Debug|Any CPU
		{268BA5C7-C6FB-4A6B-875A-492659ED4573}.Release|Any CPU.ActiveCfg = Release|Any CPU
		{268BA5C7-C6FB-4A6B-875A-492659ED4573}.Release|Any CPU.Build.0 = Release|Any CPU
		{44A166BD-01E9-4A4B-9BC5-7DE01B472E73}.Debug|Any CPU.ActiveCfg = Debug|Any CPU
		{44A166BD-01E9-4A4B-9BC5-7DE01B472E73}.Debug|Any CPU.Build.0 = Debug|Any CPU
		{44A166BD-01E9-4A4B-9BC5-7DE01B472E73}.Release|Any CPU.ActiveCfg = Release|Any CPU
		{44A166BD-01E9-4A4B-9BC5-7DE01B472E73}.Release|Any CPU.Build.0 = Release|Any CPU
	EndGlobalSection
	GlobalSection(SolutionProperties) = preSolution
		HideSolutionNode = FALSE
	EndGlobalSection
	GlobalSection(ExtensibilityGlobals) = postSolution
		SolutionGuid = {E20303B6-8AC9-4FFF-B645-4608309ADA94}
	EndGlobalSection
EndGlobal
